// !$*UTF8*$!
{
	archiveVersion = 1;
	classes = {
	};
	objectVersion = 56;
	objects = {

/* Begin PBXBuildFile section */
		6A7AE1DE2C0C415800DC309F /* GameOverView.swift in Sources */ = {isa = PBXBuildFile; fileRef = 6A7AE1DD2C0C415800DC309F /* GameOverView.swift */; };
		6AAE28B02C09C1E400BF7AC9 /* Hexercise Watch App.app in Embed Watch Content */ = {isa = PBXBuildFile; fileRef = 6AAE28AF2C09C1E400BF7AC9 /* Hexercise Watch App.app */; settings = {ATTRIBUTES = (RemoveHeadersOnCopy, ); }; };
		6AAE28B52C09C1E400BF7AC9 /* HexerciseApp.swift in Sources */ = {isa = PBXBuildFile; fileRef = 6AAE28B42C09C1E400BF7AC9 /* HexerciseApp.swift */; };
		6AAE28B72C09C1E400BF7AC9 /* ContentView.swift in Sources */ = {isa = PBXBuildFile; fileRef = 6AAE28B62C09C1E400BF7AC9 /* ContentView.swift */; };
		6AAE28B92C09C1E500BF7AC9 /* Assets.xcassets in Resources */ = {isa = PBXBuildFile; fileRef = 6AAE28B82C09C1E500BF7AC9 /* Assets.xcassets */; };
		6AAE28BC2C09C1E500BF7AC9 /* Preview Assets.xcassets in Resources */ = {isa = PBXBuildFile; fileRef = 6AAE28BB2C09C1E500BF7AC9 /* Preview Assets.xcassets */; };
		6AAE28C82C09C5C700BF7AC9 /* HeartRateManager.swift in Sources */ = {isa = PBXBuildFile; fileRef = 6AAE28C72C09C5C700BF7AC9 /* HeartRateManager.swift */; };
/* End PBXBuildFile section */

/* Begin PBXContainerItemProxy section */
		6AAE28B12C09C1E400BF7AC9 /* PBXContainerItemProxy */ = {
			isa = PBXContainerItemProxy;
			containerPortal = 6AAE28A32C09C1E400BF7AC9 /* Project object */;
			proxyType = 1;
			remoteGlobalIDString = 6AAE28AE2C09C1E400BF7AC9;
			remoteInfo = "Hexercise Watch App";
		};
/* End PBXContainerItemProxy section */

/* Begin PBXCopyFilesBuildPhase section */
		6AAE28C22C09C1E500BF7AC9 /* Embed Watch Content */ = {
			isa = PBXCopyFilesBuildPhase;
			buildActionMask = 2147483647;
			dstPath = "$(CONTENTS_FOLDER_PATH)/Watch";
			dstSubfolderSpec = 16;
			files = (
				6AAE28B02C09C1E400BF7AC9 /* Hexercise Watch App.app in Embed Watch Content */,
			);
			name = "Embed Watch Content";
			runOnlyForDeploymentPostprocessing = 0;
		};
/* End PBXCopyFilesBuildPhase section */

/* Begin PBXFileReference section */
		6A49FC532C09CBA70050FBE8 /* Hexercise-Watch-App-Info.plist */ = {isa = PBXFileReference; lastKnownFileType = text.plist; path = "Hexercise-Watch-App-Info.plist"; sourceTree = SOURCE_ROOT; };
		6A7AE1DD2C0C415800DC309F /* GameOverView.swift */ = {isa = PBXFileReference; lastKnownFileType = sourcecode.swift; path = GameOverView.swift; sourceTree = "<group>"; };
		6AAE28A92C09C1E400BF7AC9 /* Hexercise.app */ = {isa = PBXFileReference; explicitFileType = wrapper.application; includeInIndex = 0; path = Hexercise.app; sourceTree = BUILT_PRODUCTS_DIR; };
		6AAE28AF2C09C1E400BF7AC9 /* Hexercise Watch App.app */ = {isa = PBXFileReference; explicitFileType = wrapper.application; includeInIndex = 0; path = "Hexercise Watch App.app"; sourceTree = BUILT_PRODUCTS_DIR; };
		6AAE28B42C09C1E400BF7AC9 /* HexerciseApp.swift */ = {isa = PBXFileReference; lastKnownFileType = sourcecode.swift; path = HexerciseApp.swift; sourceTree = "<group>"; };
		6AAE28B62C09C1E400BF7AC9 /* ContentView.swift */ = {isa = PBXFileReference; lastKnownFileType = sourcecode.swift; path = ContentView.swift; sourceTree = "<group>"; };
		6AAE28B82C09C1E500BF7AC9 /* Assets.xcassets */ = {isa = PBXFileReference; lastKnownFileType = folder.assetcatalog; path = Assets.xcassets; sourceTree = "<group>"; };
		6AAE28BB2C09C1E500BF7AC9 /* Preview Assets.xcassets */ = {isa = PBXFileReference; lastKnownFileType = folder.assetcatalog; path = "Preview Assets.xcassets"; sourceTree = "<group>"; };
		6AAE28C62C09C33E00BF7AC9 /* Hexercise Watch App.entitlements */ = {isa = PBXFileReference; lastKnownFileType = text.plist.entitlements; path = "Hexercise Watch App.entitlements"; sourceTree = "<group>"; };
		6AAE28C72C09C5C700BF7AC9 /* HeartRateManager.swift */ = {isa = PBXFileReference; lastKnownFileType = sourcecode.swift; path = HeartRateManager.swift; sourceTree = "<group>"; };
/* End PBXFileReference section */

/* Begin PBXFrameworksBuildPhase section */
		6AAE28AC2C09C1E400BF7AC9 /* Frameworks */ = {
			isa = PBXFrameworksBuildPhase;
			buildActionMask = 2147483647;
			files = (
			);
			runOnlyForDeploymentPostprocessing = 0;
		};
/* End PBXFrameworksBuildPhase section */

/* Begin PBXGroup section */
		6AAE28A22C09C1E400BF7AC9 = {
			isa = PBXGroup;
			children = (
				6AAE28B32C09C1E400BF7AC9 /* Hexercise Watch App */,
				6AAE28AA2C09C1E400BF7AC9 /* Products */,
			);
			sourceTree = "<group>";
		};
		6AAE28AA2C09C1E400BF7AC9 /* Products */ = {
			isa = PBXGroup;
			children = (
				6AAE28A92C09C1E400BF7AC9 /* Hexercise.app */,
				6AAE28AF2C09C1E400BF7AC9 /* Hexercise Watch App.app */,
			);
			name = Products;
			sourceTree = "<group>";
		};
		6AAE28B32C09C1E400BF7AC9 /* Hexercise Watch App */ = {
			isa = PBXGroup;
			children = (
				6A49FC532C09CBA70050FBE8 /* Hexercise-Watch-App-Info.plist */,
				6AAE28C62C09C33E00BF7AC9 /* Hexercise Watch App.entitlements */,
				6AAE28B42C09C1E400BF7AC9 /* HexerciseApp.swift */,
				6AAE28C72C09C5C700BF7AC9 /* HeartRateManager.swift */,
				6A7AE1DD2C0C415800DC309F /* GameOverView.swift */,
				6AAE28B62C09C1E400BF7AC9 /* ContentView.swift */,
				6AAE28B82C09C1E500BF7AC9 /* Assets.xcassets */,
				6AAE28BA2C09C1E500BF7AC9 /* Preview Content */,
			);
			path = "Hexercise Watch App";
			sourceTree = "<group>";
		};
		6AAE28BA2C09C1E500BF7AC9 /* Preview Content */ = {
			isa = PBXGroup;
			children = (
				6AAE28BB2C09C1E500BF7AC9 /* Preview Assets.xcassets */,
			);
			path = "Preview Content";
			sourceTree = "<group>";
		};
/* End PBXGroup section */

/* Begin PBXNativeTarget section */
		6AAE28A82C09C1E400BF7AC9 /* Hexercise */ = {
			isa = PBXNativeTarget;
			buildConfigurationList = 6AAE28C32C09C1E500BF7AC9 /* Build configuration list for PBXNativeTarget "Hexercise" */;
			buildPhases = (
				6AAE28A72C09C1E400BF7AC9 /* Resources */,
				6AAE28C22C09C1E500BF7AC9 /* Embed Watch Content */,
			);
			buildRules = (
			);
			dependencies = (
				6AAE28B22C09C1E400BF7AC9 /* PBXTargetDependency */,
			);
			name = Hexercise;
			productName = Hexercise;
			productReference = 6AAE28A92C09C1E400BF7AC9 /* Hexercise.app */;
			productType = "com.apple.product-type.application.watchapp2-container";
		};
		6AAE28AE2C09C1E400BF7AC9 /* Hexercise Watch App */ = {
			isa = PBXNativeTarget;
			buildConfigurationList = 6AAE28BF2C09C1E500BF7AC9 /* Build configuration list for PBXNativeTarget "Hexercise Watch App" */;
			buildPhases = (
				6AAE28AB2C09C1E400BF7AC9 /* Sources */,
				6AAE28AC2C09C1E400BF7AC9 /* Frameworks */,
				6AAE28AD2C09C1E400BF7AC9 /* Resources */,
			);
			buildRules = (
			);
			dependencies = (
			);
			name = "Hexercise Watch App";
			productName = "Hexercise Watch App";
			productReference = 6AAE28AF2C09C1E400BF7AC9 /* Hexercise Watch App.app */;
			productType = "com.apple.product-type.application";
		};
/* End PBXNativeTarget section */

/* Begin PBXProject section */
		6AAE28A32C09C1E400BF7AC9 /* Project object */ = {
			isa = PBXProject;
			attributes = {
				BuildIndependentTargetsInParallel = 1;
				LastSwiftUpdateCheck = 1540;
				LastUpgradeCheck = 1540;
				TargetAttributes = {
					6AAE28A82C09C1E400BF7AC9 = {
						CreatedOnToolsVersion = 15.4;
					};
					6AAE28AE2C09C1E400BF7AC9 = {
						CreatedOnToolsVersion = 15.4;
					};
				};
			};
			buildConfigurationList = 6AAE28A62C09C1E400BF7AC9 /* Build configuration list for PBXProject "Hexercise" */;
			compatibilityVersion = "Xcode 14.0";
			developmentRegion = en;
			hasScannedForEncodings = 0;
			knownRegions = (
				en,
				Base,
			);
			mainGroup = 6AAE28A22C09C1E400BF7AC9;
			productRefGroup = 6AAE28AA2C09C1E400BF7AC9 /* Products */;
			projectDirPath = "";
			projectRoot = "";
			targets = (
				6AAE28A82C09C1E400BF7AC9 /* Hexercise */,
				6AAE28AE2C09C1E400BF7AC9 /* Hexercise Watch App */,
			);
		};
/* End PBXProject section */

/* Begin PBXResourcesBuildPhase section */
		6AAE28A72C09C1E400BF7AC9 /* Resources */ = {
			isa = PBXResourcesBuildPhase;
			buildActionMask = 2147483647;
			files = (
			);
			runOnlyForDeploymentPostprocessing = 0;
		};
		6AAE28AD2C09C1E400BF7AC9 /* Resources */ = {
			isa = PBXResourcesBuildPhase;
			buildActionMask = 2147483647;
			files = (
				6AAE28BC2C09C1E500BF7AC9 /* Preview Assets.xcassets in Resources */,
				6AAE28B92C09C1E500BF7AC9 /* Assets.xcassets in Resources */,
			);
			runOnlyForDeploymentPostprocessing = 0;
		};
/* End PBXResourcesBuildPhase section */

/* Begin PBXSourcesBuildPhase section */
		6AAE28AB2C09C1E400BF7AC9 /* Sources */ = {
			isa = PBXSourcesBuildPhase;
			buildActionMask = 2147483647;
			files = (
				6AAE28B72C09C1E400BF7AC9 /* ContentView.swift in Sources */,
				6AAE28C82C09C5C700BF7AC9 /* HeartRateManager.swift in Sources */,
				6A7AE1DE2C0C415800DC309F /* GameOverView.swift in Sources */,
				6AAE28B52C09C1E400BF7AC9 /* HexerciseApp.swift in Sources */,
			);
			runOnlyForDeploymentPostprocessing = 0;
		};
/* End PBXSourcesBuildPhase section */

/* Begin PBXTargetDependency section */
		6AAE28B22C09C1E400BF7AC9 /* PBXTargetDependency */ = {
			isa = PBXTargetDependency;
			target = 6AAE28AE2C09C1E400BF7AC9 /* Hexercise Watch App */;
			targetProxy = 6AAE28B12C09C1E400BF7AC9 /* PBXContainerItemProxy */;
		};
/* End PBXTargetDependency section */

/* Begin XCBuildConfiguration section */
		6AAE28BD2C09C1E500BF7AC9 /* Debug */ = {
			isa = XCBuildConfiguration;
			buildSettings = {
				ALWAYS_SEARCH_USER_PATHS = NO;
				ASSETCATALOG_COMPILER_GENERATE_SWIFT_ASSET_SYMBOL_EXTENSIONS = YES;
				CLANG_ANALYZER_NONNULL = YES;
				CLANG_ANALYZER_NUMBER_OBJECT_CONVERSION = YES_AGGRESSIVE;
				CLANG_CXX_LANGUAGE_STANDARD = "gnu++20";
				CLANG_ENABLE_MODULES = YES;
				CLANG_ENABLE_OBJC_ARC = YES;
				CLANG_ENABLE_OBJC_WEAK = YES;
				CLANG_WARN_BLOCK_CAPTURE_AUTORELEASING = YES;
				CLANG_WARN_BOOL_CONVERSION = YES;
				CLANG_WARN_COMMA = YES;
				CLANG_WARN_CONSTANT_CONVERSION = YES;
				CLANG_WARN_DEPRECATED_OBJC_IMPLEMENTATIONS = YES;
				CLANG_WARN_DIRECT_OBJC_ISA_USAGE = YES_ERROR;
				CLANG_WARN_DOCUMENTATION_COMMENTS = YES;
				CLANG_WARN_EMPTY_BODY = YES;
				CLANG_WARN_ENUM_CONVERSION = YES;
				CLANG_WARN_INFINITE_RECURSION = YES;
				CLANG_WARN_INT_CONVERSION = YES;
				CLANG_WARN_NON_LITERAL_NULL_CONVERSION = YES;
				CLANG_WARN_OBJC_IMPLICIT_RETAIN_SELF = YES;
				CLANG_WARN_OBJC_LITERAL_CONVERSION = YES;
				CLANG_WARN_OBJC_ROOT_CLASS = YES_ERROR;
				CLANG_WARN_QUOTED_INCLUDE_IN_FRAMEWORK_HEADER = YES;
				CLANG_WARN_RANGE_LOOP_ANALYSIS = YES;
				CLANG_WARN_STRICT_PROTOTYPES = YES;
				CLANG_WARN_SUSPICIOUS_MOVE = YES;
				CLANG_WARN_UNGUARDED_AVAILABILITY = YES_AGGRESSIVE;
				CLANG_WARN_UNREACHABLE_CODE = YES;
				CLANG_WARN__DUPLICATE_METHOD_MATCH = YES;
				COPY_PHASE_STRIP = NO;
				DEBUG_INFORMATION_FORMAT = dwarf;
				ENABLE_STRICT_OBJC_MSGSEND = YES;
				ENABLE_TESTABILITY = YES;
				ENABLE_USER_SCRIPT_SANDBOXING = YES;
				GCC_C_LANGUAGE_STANDARD = gnu17;
				GCC_DYNAMIC_NO_PIC = NO;
				GCC_NO_COMMON_BLOCKS = YES;
				GCC_OPTIMIZATION_LEVEL = 0;
				GCC_PREPROCESSOR_DEFINITIONS = (
					"DEBUG=1",
					"$(inherited)",
				);
				GCC_WARN_64_TO_32_BIT_CONVERSION = YES;
				GCC_WARN_ABOUT_RETURN_TYPE = YES_ERROR;
				GCC_WARN_UNDECLARED_SELECTOR = YES;
				GCC_WARN_UNINITIALIZED_AUTOS = YES_AGGRESSIVE;
				GCC_WARN_UNUSED_FUNCTION = YES;
				GCC_WARN_UNUSED_VARIABLE = YES;
				LOCALIZATION_PREFERS_STRING_CATALOGS = YES;
				MTL_ENABLE_DEBUG_INFO = INCLUDE_SOURCE;
				MTL_FAST_MATH = YES;
				ONLY_ACTIVE_ARCH = YES;
				SWIFT_ACTIVE_COMPILATION_CONDITIONS = "DEBUG $(inherited)";
				SWIFT_OPTIMIZATION_LEVEL = "-Onone";
			};
			name = Debug;
		};
		6AAE28BE2C09C1E500BF7AC9 /* Release */ = {
			isa = XCBuildConfiguration;
			buildSettings = {
				ALWAYS_SEARCH_USER_PATHS = NO;
				ASSETCATALOG_COMPILER_GENERATE_SWIFT_ASSET_SYMBOL_EXTENSIONS = YES;
				CLANG_ANALYZER_NONNULL = YES;
				CLANG_ANALYZER_NUMBER_OBJECT_CONVERSION = YES_AGGRESSIVE;
				CLANG_CXX_LANGUAGE_STANDARD = "gnu++20";
				CLANG_ENABLE_MODULES = YES;
				CLANG_ENABLE_OBJC_ARC = YES;
				CLANG_ENABLE_OBJC_WEAK = YES;
				CLANG_WARN_BLOCK_CAPTURE_AUTORELEASING = YES;
				CLANG_WARN_BOOL_CONVERSION = YES;
				CLANG_WARN_COMMA = YES;
				CLANG_WARN_CONSTANT_CONVERSION = YES;
				CLANG_WARN_DEPRECATED_OBJC_IMPLEMENTATIONS = YES;
				CLANG_WARN_DIRECT_OBJC_ISA_USAGE = YES_ERROR;
				CLANG_WARN_DOCUMENTATION_COMMENTS = YES;
				CLANG_WARN_EMPTY_BODY = YES;
				CLANG_WARN_ENUM_CONVERSION = YES;
				CLANG_WARN_INFINITE_RECURSION = YES;
				CLANG_WARN_INT_CONVERSION = YES;
				CLANG_WARN_NON_LITERAL_NULL_CONVERSION = YES;
				CLANG_WARN_OBJC_IMPLICIT_RETAIN_SELF = YES;
				CLANG_WARN_OBJC_LITERAL_CONVERSION = YES;
				CLANG_WARN_OBJC_ROOT_CLASS = YES_ERROR;
				CLANG_WARN_QUOTED_INCLUDE_IN_FRAMEWORK_HEADER = YES;
				CLANG_WARN_RANGE_LOOP_ANALYSIS = YES;
				CLANG_WARN_STRICT_PROTOTYPES = YES;
				CLANG_WARN_SUSPICIOUS_MOVE = YES;
				CLANG_WARN_UNGUARDED_AVAILABILITY = YES_AGGRESSIVE;
				CLANG_WARN_UNREACHABLE_CODE = YES;
				CLANG_WARN__DUPLICATE_METHOD_MATCH = YES;
				COPY_PHASE_STRIP = NO;
				DEBUG_INFORMATION_FORMAT = "dwarf-with-dsym";
				ENABLE_NS_ASSERTIONS = NO;
				ENABLE_STRICT_OBJC_MSGSEND = YES;
				ENABLE_USER_SCRIPT_SANDBOXING = YES;
				GCC_C_LANGUAGE_STANDARD = gnu17;
				GCC_NO_COMMON_BLOCKS = YES;
				GCC_WARN_64_TO_32_BIT_CONVERSION = YES;
				GCC_WARN_ABOUT_RETURN_TYPE = YES_ERROR;
				GCC_WARN_UNDECLARED_SELECTOR = YES;
				GCC_WARN_UNINITIALIZED_AUTOS = YES_AGGRESSIVE;
				GCC_WARN_UNUSED_FUNCTION = YES;
				GCC_WARN_UNUSED_VARIABLE = YES;
				LOCALIZATION_PREFERS_STRING_CATALOGS = YES;
				MTL_ENABLE_DEBUG_INFO = NO;
				MTL_FAST_MATH = YES;
				SWIFT_COMPILATION_MODE = wholemodule;
			};
			name = Release;
		};
		6AAE28C02C09C1E500BF7AC9 /* Debug */ = {
			isa = XCBuildConfiguration;
			buildSettings = {
				ASSETCATALOG_COMPILER_APPICON_NAME = AppIcon;
				ASSETCATALOG_COMPILER_GLOBAL_ACCENT_COLOR_NAME = AccentColor;
				CODE_SIGN_ENTITLEMENTS = "Hexercise Watch App/Hexercise Watch App.entitlements";
				CODE_SIGN_STYLE = Automatic;
				CURRENT_PROJECT_VERSION = 1;
				DEVELOPMENT_ASSET_PATHS = "\"Hexercise Watch App/Preview Content\"";
				DEVELOPMENT_TEAM = 84CY6V3X8V;
				ENABLE_PREVIEWS = YES;
				GENERATE_INFOPLIST_FILE = YES;
				INFOPLIST_FILE = "Hexercise-Watch-App-Info.plist";
				INFOPLIST_KEY_CFBundleDisplayName = Hexercise;
				INFOPLIST_KEY_LSApplicationCategoryType = "";
				INFOPLIST_KEY_NSHealthClinicalHealthRecordsShareUsageDescription = "We want to use your health records.";
				INFOPLIST_KEY_NSHealthShareUsageDescription = "We want to share your health records.";
				INFOPLIST_KEY_UISupportedInterfaceOrientations = "UIInterfaceOrientationPortrait UIInterfaceOrientationPortraitUpsideDown";
				INFOPLIST_KEY_WKWatchOnly = YES;
				LD_RUNPATH_SEARCH_PATHS = (
					"$(inherited)",
					"@executable_path/Frameworks",
				);
				MARKETING_VERSION = 1.0;
				PRODUCT_BUNDLE_IDENTIFIER = com.learn.Hexercise.watchkitapp;
				PRODUCT_NAME = "$(TARGET_NAME)";
				SDKROOT = watchos;
				SKIP_INSTALL = YES;
				SWIFT_EMIT_LOC_STRINGS = YES;
				SWIFT_VERSION = 5.0;
				TARGETED_DEVICE_FAMILY = 4;
				WATCHOS_DEPLOYMENT_TARGET = 10.5;
			};
			name = Debug;
		};
		6AAE28C12C09C1E500BF7AC9 /* Release */ = {
			isa = XCBuildConfiguration;
			buildSettings = {
				ASSETCATALOG_COMPILER_APPICON_NAME = AppIcon;
				ASSETCATALOG_COMPILER_GLOBAL_ACCENT_COLOR_NAME = AccentColor;
				CODE_SIGN_ENTITLEMENTS = "Hexercise Watch App/Hexercise Watch App.entitlements";
				CODE_SIGN_STYLE = Automatic;
				CURRENT_PROJECT_VERSION = 1;
				DEVELOPMENT_ASSET_PATHS = "\"Hexercise Watch App/Preview Content\"";
				DEVELOPMENT_TEAM = 84CY6V3X8V;
				ENABLE_PREVIEWS = YES;
				GENERATE_INFOPLIST_FILE = YES;
				INFOPLIST_FILE = "Hexercise-Watch-App-Info.plist";
				INFOPLIST_KEY_CFBundleDisplayName = Hexercise;
				INFOPLIST_KEY_LSApplicationCategoryType = "";
				INFOPLIST_KEY_NSHealthClinicalHealthRecordsShareUsageDescription = "We want to use your health records.";
				INFOPLIST_KEY_NSHealthShareUsageDescription = "We want to share your health records.";
				INFOPLIST_KEY_UISupportedInterfaceOrientations = "UIInterfaceOrientationPortrait UIInterfaceOrientationPortraitUpsideDown";
				INFOPLIST_KEY_WKWatchOnly = YES;
				LD_RUNPATH_SEARCH_PATHS = (
					"$(inherited)",
					"@executable_path/Frameworks",
				);
				MARKETING_VERSION = 1.0;
				PRODUCT_BUNDLE_IDENTIFIER = com.learn.Hexercise.watchkitapp;
				PRODUCT_NAME = "$(TARGET_NAME)";
				SDKROOT = watchos;
				SKIP_INSTALL = YES;
				SWIFT_EMIT_LOC_STRINGS = YES;
				SWIFT_VERSION = 5.0;
				TARGETED_DEVICE_FAMILY = 4;
				VALIDATE_PRODUCT = YES;
				WATCHOS_DEPLOYMENT_TARGET = 10.5;
			};
			name = Release;
		};
		6AAE28C42C09C1E500BF7AC9 /* Debug */ = {
			isa = XCBuildConfiguration;
			buildSettings = {
				ALWAYS_EMBED_SWIFT_STANDARD_LIBRARIES = YES;
				CODE_SIGN_STYLE = Automatic;
				CURRENT_PROJECT_VERSION = 1;
				DEVELOPMENT_TEAM = 84CY6V3X8V;
				INFOPLIST_KEY_CFBundleDisplayName = Hexercise;
				MARKETING_VERSION = 1.0;
				PRODUCT_BUNDLE_IDENTIFIER = com.learn.Hexercise;
				PRODUCT_NAME = "$(TARGET_NAME)";
				SDKROOT = iphoneos;
				SWIFT_VERSION = 5.0;
			};
			name = Debug;
		};
		6AAE28C52C09C1E500BF7AC9 /* Release */ = {
			isa = XCBuildConfiguration;
			buildSettings = {
				ALWAYS_EMBED_SWIFT_STANDARD_LIBRARIES = YES;
				CODE_SIGN_STYLE = Automatic;
				CURRENT_PROJECT_VERSION = 1;
				DEVELOPMENT_TEAM = 84CY6V3X8V;
				INFOPLIST_KEY_CFBundleDisplayName = Hexercise;
				MARKETING_VERSION = 1.0;
				PRODUCT_BUNDLE_IDENTIFIER = com.learn.Hexercise;
				PRODUCT_NAME = "$(TARGET_NAME)";
				SDKROOT = iphoneos;
				SWIFT_VERSION = 5.0;
				VALIDATE_PRODUCT = YES;
			};
			name = Release;
		};
/* End XCBuildConfiguration section */

/* Begin XCConfigurationList section */
		6AAE28A62C09C1E400BF7AC9 /* Build configuration list for PBXProject "Hexercise" */ = {
			isa = XCConfigurationList;
			buildConfigurations = (
				6AAE28BD2C09C1E500BF7AC9 /* Debug */,
				6AAE28BE2C09C1E500BF7AC9 /* Release */,
			);
			defaultConfigurationIsVisible = 0;
			defaultConfigurationName = Release;
		};
		6AAE28BF2C09C1E500BF7AC9 /* Build configuration list for PBXNativeTarget "Hexercise Watch App" */ = {
			isa = XCConfigurationList;
			buildConfigurations = (
				6AAE28C02C09C1E500BF7AC9 /* Debug */,
				6AAE28C12C09C1E500BF7AC9 /* Release */,
			);
			defaultConfigurationIsVisible = 0;
			defaultConfigurationName = Release;
		};
		6AAE28C32C09C1E500BF7AC9 /* Build configuration list for PBXNativeTarget "Hexercise" */ = {
			isa = XCConfigurationList;
			buildConfigurations = (
				6AAE28C42C09C1E500BF7AC9 /* Debug */,
				6AAE28C52C09C1E500BF7AC9 /* Release */,
			);
			defaultConfigurationIsVisible = 0;
			defaultConfigurationName = Release;
		};
/* End XCConfigurationList section */
	};
	rootObject = 6AAE28A32C09C1E400BF7AC9 /* Project object */;
}
